// !$*UTF8*$!
{
	archiveVersion = 1;
	classes = {
	};
	objectVersion = 56;
	objects = {

/* Begin PBXBuildFile section */
		EB01C5A32A2039D300A90E1A /* DessertCookbook.swift in Sources */ = {isa = PBXBuildFile; fileRef = EB01C5A22A2039D300A90E1A /* DessertCookbook.swift */; };
		EB01C5A72A2039D500A90E1A /* Assets.xcassets in Resources */ = {isa = PBXBuildFile; fileRef = EB01C5A62A2039D500A90E1A /* Assets.xcassets */; };
		EB01C5AA2A2039D500A90E1A /* Preview Assets.xcassets in Resources */ = {isa = PBXBuildFile; fileRef = EB01C5A92A2039D500A90E1A /* Preview Assets.xcassets */; };
		EB01C5B42A203A7C00A90E1A /* RecipeDetailView.swift in Sources */ = {isa = PBXBuildFile; fileRef = EB01C5B32A203A7C00A90E1A /* RecipeDetailView.swift */; };
		EB01C5B62A203A9700A90E1A /* Recipe.swift in Sources */ = {isa = PBXBuildFile; fileRef = EB01C5B52A203A9700A90E1A /* Recipe.swift */; };
		EB01C5B82A203AA900A90E1A /* RecipeViewModel.swift in Sources */ = {isa = PBXBuildFile; fileRef = EB01C5B72A203AA900A90E1A /* RecipeViewModel.swift */; };
		EB01C5BB2A2103B400A90E1A /* NetworkManager.swift in Sources */ = {isa = PBXBuildFile; fileRef = EB01C5BA2A2103B400A90E1A /* NetworkManager.swift */; };
		EB01C5BE2A212E8900A90E1A /* ImageView.swift in Sources */ = {isa = PBXBuildFile; fileRef = EB01C5BD2A212E8900A90E1A /* ImageView.swift */; };
		EB01C5C02A212F3100A90E1A /* ImageLoader.swift in Sources */ = {isa = PBXBuildFile; fileRef = EB01C5BF2A212F3100A90E1A /* ImageLoader.swift */; };
		EB01C5C22A2134EF00A90E1A /* UIImageViewCacheExtension.swift in Sources */ = {isa = PBXBuildFile; fileRef = EB01C5C12A2134EF00A90E1A /* UIImageViewCacheExtension.swift */; };
		EB01C5C42A21399E00A90E1A /* LoadView.swift in Sources */ = {isa = PBXBuildFile; fileRef = EB01C5C32A21399E00A90E1A /* LoadView.swift */; };
		EB01C5C72A21C3BB00A90E1A /* ImageCache.swift in Sources */ = {isa = PBXBuildFile; fileRef = EB01C5C62A21C3BB00A90E1A /* ImageCache.swift */; };
		EB06B1102A21DC05003768F3 /* ContentView.swift in Sources */ = {isa = PBXBuildFile; fileRef = EB06B10F2A21DC05003768F3 /* ContentView.swift */; };
/* End PBXBuildFile section */

/* Begin PBXFileReference section */
		EB01C59F2A2039D300A90E1A /* DessertCookbook.app */ = {isa = PBXFileReference; explicitFileType = wrapper.application; includeInIndex = 0; path = DessertCookbook.app; sourceTree = BUILT_PRODUCTS_DIR; };
		EB01C5A22A2039D300A90E1A /* DessertCookbook.swift */ = {isa = PBXFileReference; lastKnownFileType = sourcecode.swift; path = DessertCookbook.swift; sourceTree = "<group>"; };
		EB01C5A62A2039D500A90E1A /* Assets.xcassets */ = {isa = PBXFileReference; lastKnownFileType = folder.assetcatalog; path = Assets.xcassets; sourceTree = "<group>"; };
		EB01C5A92A2039D500A90E1A /* Preview Assets.xcassets */ = {isa = PBXFileReference; lastKnownFileType = folder.assetcatalog; path = "Preview Assets.xcassets"; sourceTree = "<group>"; };
		EB01C5B32A203A7C00A90E1A /* RecipeDetailView.swift */ = {isa = PBXFileReference; lastKnownFileType = sourcecode.swift; path = RecipeDetailView.swift; sourceTree = "<group>"; };
		EB01C5B52A203A9700A90E1A /* Recipe.swift */ = {isa = PBXFileReference; lastKnownFileType = sourcecode.swift; path = Recipe.swift; sourceTree = "<group>"; };
		EB01C5B72A203AA900A90E1A /* RecipeViewModel.swift */ = {isa = PBXFileReference; lastKnownFileType = sourcecode.swift; path = RecipeViewModel.swift; sourceTree = "<group>"; };
		EB01C5BA2A2103B400A90E1A /* NetworkManager.swift */ = {isa = PBXFileReference; lastKnownFileType = sourcecode.swift; path = NetworkManager.swift; sourceTree = "<group>"; };
		EB01C5BD2A212E8900A90E1A /* ImageView.swift */ = {isa = PBXFileReference; lastKnownFileType = sourcecode.swift; path = ImageView.swift; sourceTree = "<group>"; };
		EB01C5BF2A212F3100A90E1A /* ImageLoader.swift */ = {isa = PBXFileReference; lastKnownFileType = sourcecode.swift; path = ImageLoader.swift; sourceTree = "<group>"; };
		EB01C5C12A2134EF00A90E1A /* UIImageViewCacheExtension.swift */ = {isa = PBXFileReference; lastKnownFileType = sourcecode.swift; path = UIImageViewCacheExtension.swift; sourceTree = "<group>"; };
		EB01C5C32A21399E00A90E1A /* LoadView.swift */ = {isa = PBXFileReference; lastKnownFileType = sourcecode.swift; path = LoadView.swift; sourceTree = "<group>"; };
		EB01C5C62A21C3BB00A90E1A /* ImageCache.swift */ = {isa = PBXFileReference; lastKnownFileType = sourcecode.swift; path = ImageCache.swift; sourceTree = "<group>"; };
		EB06B10F2A21DC05003768F3 /* ContentView.swift */ = {isa = PBXFileReference; fileEncoding = 4; lastKnownFileType = sourcecode.swift; path = ContentView.swift; sourceTree = "<group>"; };
/* End PBXFileReference section */

/* Begin PBXFrameworksBuildPhase section */
		EB01C59C2A2039D300A90E1A /* Frameworks */ = {
			isa = PBXFrameworksBuildPhase;
			buildActionMask = 2147483647;
			files = (
			);
			runOnlyForDeploymentPostprocessing = 0;
		};
/* End PBXFrameworksBuildPhase section */

/* Begin PBXGroup section */
		EB01C5962A2039D300A90E1A = {
			isa = PBXGroup;
			children = (
				EB01C5A12A2039D300A90E1A /* DessertCookbook */,
				EB01C5A02A2039D300A90E1A /* Products */,
			);
			sourceTree = "<group>";
		};
		EB01C5A02A2039D300A90E1A /* Products */ = {
			isa = PBXGroup;
			children = (
				EB01C59F2A2039D300A90E1A /* DessertCookbook.app */,
			);
			name = Products;
			sourceTree = "<group>";
		};
		EB01C5A12A2039D300A90E1A /* DessertCookbook */ = {
			isa = PBXGroup;
			children = (
				EB01C5A22A2039D300A90E1A /* DessertCookbook.swift */,
				EB01C5B22A203A1000A90E1A /* View */,
				EB01C5B02A2039FF00A90E1A /* Model */,
				EB01C5B12A203A0B00A90E1A /* View Model */,
				EB01C5B92A21039A00A90E1A /* NetworkManager */,
				EB01C5C52A21C3A400A90E1A /* Cache */,
				EB01C5BC2A21248900A90E1A /* Extensions */,
				EB01C5A62A2039D500A90E1A /* Assets.xcassets */,
				EB01C5A82A2039D500A90E1A /* Preview Content */,
			);
			path = DessertCookbook;
			sourceTree = "<group>";
		};
		EB01C5A82A2039D500A90E1A /* Preview Content */ = {
			isa = PBXGroup;
			children = (
				EB01C5A92A2039D500A90E1A /* Preview Assets.xcassets */,
			);
			path = "Preview Content";
			sourceTree = "<group>";
		};
		EB01C5B02A2039FF00A90E1A /* Model */ = {
			isa = PBXGroup;
			children = (
				EB01C5B52A203A9700A90E1A /* Recipe.swift */,
			);
			path = Model;
			sourceTree = "<group>";
		};
		EB01C5B12A203A0B00A90E1A /* View Model */ = {
			isa = PBXGroup;
			children = (
				EB01C5B72A203AA900A90E1A /* RecipeViewModel.swift */,
			);
			path = "View Model";
			sourceTree = "<group>";
		};
		EB01C5B22A203A1000A90E1A /* View */ = {
			isa = PBXGroup;
			children = (
				EB06B10F2A21DC05003768F3 /* ContentView.swift */,
				EB01C5B32A203A7C00A90E1A /* RecipeDetailView.swift */,
				EB01C5BD2A212E8900A90E1A /* ImageView.swift */,
				EB01C5C32A21399E00A90E1A /* LoadView.swift */,
			);
			path = View;
			sourceTree = "<group>";
		};
		EB01C5B92A21039A00A90E1A /* NetworkManager */ = {
			isa = PBXGroup;
			children = (
				EB01C5BA2A2103B400A90E1A /* NetworkManager.swift */,
			);
			path = NetworkManager;
			sourceTree = "<group>";
		};
		EB01C5BC2A21248900A90E1A /* Extensions */ = {
			isa = PBXGroup;
			children = (
				EB01C5C12A2134EF00A90E1A /* UIImageViewCacheExtension.swift */,
			);
			path = Extensions;
			sourceTree = "<group>";
		};
		EB01C5C52A21C3A400A90E1A /* Cache */ = {
			isa = PBXGroup;
			children = (
				EB01C5BF2A212F3100A90E1A /* ImageLoader.swift */,
				EB01C5C62A21C3BB00A90E1A /* ImageCache.swift */,
			);
			path = Cache;
			sourceTree = "<group>";
		};
/* End PBXGroup section */

/* Begin PBXNativeTarget section */
		EB01C59E2A2039D300A90E1A /* DessertCookbook */ = {
			isa = PBXNativeTarget;
			buildConfigurationList = EB01C5AD2A2039D500A90E1A /* Build configuration list for PBXNativeTarget "DessertCookbook" */;
			buildPhases = (
				EB01C59B2A2039D300A90E1A /* Sources */,
				EB01C59C2A2039D300A90E1A /* Frameworks */,
				EB01C59D2A2039D300A90E1A /* Resources */,
			);
			buildRules = (
			);
			dependencies = (
			);
			name = DessertCookbook;
			productName = DessertApp;
			productReference = EB01C59F2A2039D300A90E1A /* DessertCookbook.app */;
			productType = "com.apple.product-type.application";
		};
/* End PBXNativeTarget section */

/* Begin PBXProject section */
		EB01C5972A2039D300A90E1A /* Project object */ = {
			isa = PBXProject;
			attributes = {
				BuildIndependentTargetsInParallel = 1;
				LastSwiftUpdateCheck = 1430;
				LastUpgradeCheck = 1430;
				TargetAttributes = {
					EB01C59E2A2039D300A90E1A = {
						CreatedOnToolsVersion = 14.3;
					};
				};
			};
			buildConfigurationList = EB01C59A2A2039D300A90E1A /* Build configuration list for PBXProject "DessertCookbook" */;
			compatibilityVersion = "Xcode 14.0";
			developmentRegion = en;
			hasScannedForEncodings = 0;
			knownRegions = (
				en,
				Base,
			);
			mainGroup = EB01C5962A2039D300A90E1A;
			productRefGroup = EB01C5A02A2039D300A90E1A /* Products */;
			projectDirPath = "";
			projectRoot = "";
			targets = (
				EB01C59E2A2039D300A90E1A /* DessertCookbook */,
			);
		};
/* End PBXProject section */

/* Begin PBXResourcesBuildPhase section */
		EB01C59D2A2039D300A90E1A /* Resources */ = {
			isa = PBXResourcesBuildPhase;
			buildActionMask = 2147483647;
			files = (
				EB01C5AA2A2039D500A90E1A /* Preview Assets.xcassets in Resources */,
				EB01C5A72A2039D500A90E1A /* Assets.xcassets in Resources */,
			);
			runOnlyForDeploymentPostprocessing = 0;
		};
/* End PBXResourcesBuildPhase section */

/* Begin PBXSourcesBuildPhase section */
		EB01C59B2A2039D300A90E1A /* Sources */ = {
			isa = PBXSourcesBuildPhase;
			buildActionMask = 2147483647;
			files = (
				EB01C5C72A21C3BB00A90E1A /* ImageCache.swift in Sources */,
				EB01C5C42A21399E00A90E1A /* LoadView.swift in Sources */,
				EB06B1102A21DC05003768F3 /* ContentView.swift in Sources */,
				EB01C5BB2A2103B400A90E1A /* NetworkManager.swift in Sources */,
				EB01C5B42A203A7C00A90E1A /* RecipeDetailView.swift in Sources */,
				EB01C5A32A2039D300A90E1A /* DessertCookbook.swift in Sources */,
				EB01C5B82A203AA900A90E1A /* RecipeViewModel.swift in Sources */,
				EB01C5C22A2134EF00A90E1A /* UIImageViewCacheExtension.swift in Sources */,
				EB01C5BE2A212E8900A90E1A /* ImageView.swift in Sources */,
				EB01C5C02A212F3100A90E1A /* ImageLoader.swift in Sources */,
				EB01C5B62A203A9700A90E1A /* Recipe.swift in Sources */,
			);
			runOnlyForDeploymentPostprocessing = 0;
		};
/* End PBXSourcesBuildPhase section */

/* Begin XCBuildConfiguration section */
		EB01C5AB2A2039D500A90E1A /* Debug */ = {
			isa = XCBuildConfiguration;
			buildSettings = {
				ALWAYS_SEARCH_USER_PATHS = NO;
				CLANG_ANALYZER_NONNULL = YES;
				CLANG_ANALYZER_NUMBER_OBJECT_CONVERSION = YES_AGGRESSIVE;
				CLANG_CXX_LANGUAGE_STANDARD = "gnu++20";
				CLANG_ENABLE_MODULES = YES;
				CLANG_ENABLE_OBJC_ARC = YES;
				CLANG_ENABLE_OBJC_WEAK = YES;
				CLANG_WARN_BLOCK_CAPTURE_AUTORELEASING = YES;
				CLANG_WARN_BOOL_CONVERSION = YES;
				CLANG_WARN_COMMA = YES;
				CLANG_WARN_CONSTANT_CONVERSION = YES;
				CLANG_WARN_DEPRECATED_OBJC_IMPLEMENTATIONS = YES;
				CLANG_WARN_DIRECT_OBJC_ISA_USAGE = YES_ERROR;
				CLANG_WARN_DOCUMENTATION_COMMENTS = YES;
				CLANG_WARN_EMPTY_BODY = YES;
				CLANG_WARN_ENUM_CONVERSION = YES;
				CLANG_WARN_INFINITE_RECURSION = YES;
				CLANG_WARN_INT_CONVERSION = YES;
				CLANG_WARN_NON_LITERAL_NULL_CONVERSION = YES;
				CLANG_WARN_OBJC_IMPLICIT_RETAIN_SELF = YES;
				CLANG_WARN_OBJC_LITERAL_CONVERSION = YES;
				CLANG_WARN_OBJC_ROOT_CLASS = YES_ERROR;
				CLANG_WARN_QUOTED_INCLUDE_IN_FRAMEWORK_HEADER = YES;
				CLANG_WARN_RANGE_LOOP_ANALYSIS = YES;
				CLANG_WARN_STRICT_PROTOTYPES = YES;
				CLANG_WARN_SUSPICIOUS_MOVE = YES;
				CLANG_WARN_UNGUARDED_AVAILABILITY = YES_AGGRESSIVE;
				CLANG_WARN_UNREACHABLE_CODE = YES;
				CLANG_WARN__DUPLICATE_METHOD_MATCH = YES;
				COPY_PHASE_STRIP = NO;
				DEBUG_INFORMATION_FORMAT = dwarf;
				ENABLE_STRICT_OBJC_MSGSEND = YES;
				ENABLE_TESTABILITY = YES;
				GCC_C_LANGUAGE_STANDARD = gnu11;
				GCC_DYNAMIC_NO_PIC = NO;
				GCC_NO_COMMON_BLOCKS = YES;
				GCC_OPTIMIZATION_LEVEL = 0;
				GCC_PREPROCESSOR_DEFINITIONS = (
					"DEBUG=1",
					"$(inherited)",
				);
				GCC_WARN_64_TO_32_BIT_CONVERSION = YES;
				GCC_WARN_ABOUT_RETURN_TYPE = YES_ERROR;
				GCC_WARN_UNDECLARED_SELECTOR = YES;
				GCC_WARN_UNINITIALIZED_AUTOS = YES_AGGRESSIVE;
				GCC_WARN_UNUSED_FUNCTION = YES;
				GCC_WARN_UNUSED_VARIABLE = YES;
				IPHONEOS_DEPLOYMENT_TARGET = 16.4;
				MTL_ENABLE_DEBUG_INFO = INCLUDE_SOURCE;
				MTL_FAST_MATH = YES;
				ONLY_ACTIVE_ARCH = YES;
				SDKROOT = iphoneos;
				SWIFT_ACTIVE_COMPILATION_CONDITIONS = DEBUG;
				SWIFT_OPTIMIZATION_LEVEL = "-Onone";
			};
			name = Debug;
		};
		EB01C5AC2A2039D500A90E1A /* Release */ = {
			isa = XCBuildConfiguration;
			buildSettings = {
				ALWAYS_SEARCH_USER_PATHS = NO;
				CLANG_ANALYZER_NONNULL = YES;
				CLANG_ANALYZER_NUMBER_OBJECT_CONVERSION = YES_AGGRESSIVE;
				CLANG_CXX_LANGUAGE_STANDARD = "gnu++20";
				CLANG_ENABLE_MODULES = YES;
				CLANG_ENABLE_OBJC_ARC = YES;
				CLANG_ENABLE_OBJC_WEAK = YES;
				CLANG_WARN_BLOCK_CAPTURE_AUTORELEASING = YES;
				CLANG_WARN_BOOL_CONVERSION = YES;
				CLANG_WARN_COMMA = YES;
				CLANG_WARN_CONSTANT_CONVERSION = YES;
				CLANG_WARN_DEPRECATED_OBJC_IMPLEMENTATIONS = YES;
				CLANG_WARN_DIRECT_OBJC_ISA_USAGE = YES_ERROR;
				CLANG_WARN_DOCUMENTATION_COMMENTS = YES;
				CLANG_WARN_EMPTY_BODY = YES;
				CLANG_WARN_ENUM_CONVERSION = YES;
				CLANG_WARN_INFINITE_RECURSION = YES;
				CLANG_WARN_INT_CONVERSION = YES;
				CLANG_WARN_NON_LITERAL_NULL_CONVERSION = YES;
				CLANG_WARN_OBJC_IMPLICIT_RETAIN_SELF = YES;
				CLANG_WARN_OBJC_LITERAL_CONVERSION = YES;
				CLANG_WARN_OBJC_ROOT_CLASS = YES_ERROR;
				CLANG_WARN_QUOTED_INCLUDE_IN_FRAMEWORK_HEADER = YES;
				CLANG_WARN_RANGE_LOOP_ANALYSIS = YES;
				CLANG_WARN_STRICT_PROTOTYPES = YES;
				CLANG_WARN_SUSPICIOUS_MOVE = YES;
				CLANG_WARN_UNGUARDED_AVAILABILITY = YES_AGGRESSIVE;
				CLANG_WARN_UNREACHABLE_CODE = YES;
				CLANG_WARN__DUPLICATE_METHOD_MATCH = YES;
				COPY_PHASE_STRIP = NO;
				DEBUG_INFORMATION_FORMAT = "dwarf-with-dsym";
				ENABLE_NS_ASSERTIONS = NO;
				ENABLE_STRICT_OBJC_MSGSEND = YES;
				GCC_C_LANGUAGE_STANDARD = gnu11;
				GCC_NO_COMMON_BLOCKS = YES;
				GCC_WARN_64_TO_32_BIT_CONVERSION = YES;
				GCC_WARN_ABOUT_RETURN_TYPE = YES_ERROR;
				GCC_WARN_UNDECLARED_SELECTOR = YES;
				GCC_WARN_UNINITIALIZED_AUTOS = YES_AGGRESSIVE;
				GCC_WARN_UNUSED_FUNCTION = YES;
				GCC_WARN_UNUSED_VARIABLE = YES;
				IPHONEOS_DEPLOYMENT_TARGET = 16.4;
				MTL_ENABLE_DEBUG_INFO = NO;
				MTL_FAST_MATH = YES;
				SDKROOT = iphoneos;
				SWIFT_COMPILATION_MODE = wholemodule;
				SWIFT_OPTIMIZATION_LEVEL = "-O";
				VALIDATE_PRODUCT = YES;
			};
			name = Release;
		};
		EB01C5AE2A2039D500A90E1A /* Debug */ = {
			isa = XCBuildConfiguration;
			buildSettings = {
				ASSETCATALOG_COMPILER_APPICON_NAME = AppIcon;
				ASSETCATALOG_COMPILER_GLOBAL_ACCENT_COLOR_NAME = AccentColor;
				CODE_SIGN_STYLE = Automatic;
				CURRENT_PROJECT_VERSION = 1;
				DEVELOPMENT_ASSET_PATHS = "\"DessertCookbook/Preview Content\"";
				DEVELOPMENT_TEAM = N9ZQH35Z2V;
				ENABLE_PREVIEWS = YES;
				GENERATE_INFOPLIST_FILE = YES;
				INFOPLIST_KEY_UIApplicationSceneManifest_Generation = YES;
				INFOPLIST_KEY_UIApplicationSupportsIndirectInputEvents = YES;
				INFOPLIST_KEY_UILaunchScreen_Generation = YES;
				INFOPLIST_KEY_UISupportedInterfaceOrientations_iPad = "UIInterfaceOrientationPortrait UIInterfaceOrientationPortraitUpsideDown UIInterfaceOrientationLandscapeLeft UIInterfaceOrientationLandscapeRight";
				INFOPLIST_KEY_UISupportedInterfaceOrientations_iPhone = "UIInterfaceOrientationPortrait UIInterfaceOrientationLandscapeLeft UIInterfaceOrientationLandscapeRight";
				IPHONEOS_DEPLOYMENT_TARGET = 16.1;
				LD_RUNPATH_SEARCH_PATHS = (
					"$(inherited)",
					"@executable_path/Frameworks",
				);
				MARKETING_VERSION = 1.0;
				PRODUCT_BUNDLE_IDENTIFIER = com.lomisari.DessertCookbook;
				PRODUCT_NAME = DessertCookbook;
				SWIFT_EMIT_LOC_STRINGS = YES;
				SWIFT_VERSION = 5.0;
				TARGETED_DEVICE_FAMILY = "1,2";
			};
			name = Debug;
		};
		EB01C5AF2A2039D500A90E1A /* Release */ = {
			isa = XCBuildConfiguration;
			buildSettings = {
				ASSETCATALOG_COMPILER_APPICON_NAME = AppIcon;
				ASSETCATALOG_COMPILER_GLOBAL_ACCENT_COLOR_NAME = AccentColor;
				CODE_SIGN_STYLE = Automatic;
				CURRENT_PROJECT_VERSION = 1;
				DEVELOPMENT_ASSET_PATHS = "\"DessertCookbook/Preview Content\"";
				DEVELOPMENT_TEAM = N9ZQH35Z2V;
				ENABLE_PREVIEWS = YES;
				GENERATE_INFOPLIST_FILE = YES;
				INFOPLIST_KEY_UIApplicationSceneManifest_Generation = YES;
				INFOPLIST_KEY_UIApplicationSupportsIndirectInputEvents = YES;
				INFOPLIST_KEY_UILaunchScreen_Generation = YES;
				INFOPLIST_KEY_UISupportedInterfaceOrientations_iPad = "UIInterfaceOrientationPortrait UIInterfaceOrientationPortraitUpsideDown UIInterfaceOrientationLandscapeLeft UIInterfaceOrientationLandscapeRight";
				INFOPLIST_KEY_UISupportedInterfaceOrientations_iPhone = "UIInterfaceOrientationPortrait UIInterfaceOrientationLandscapeLeft UIInterfaceOrientationLandscapeRight";
				IPHONEOS_DEPLOYMENT_TARGET = 16.1;
				LD_RUNPATH_SEARCH_PATHS = (
					"$(inherited)",
					"@executable_path/Frameworks",
				);
				MARKETING_VERSION = 1.0;
				PRODUCT_BUNDLE_IDENTIFIER = com.lomisari.DessertCookbook;
				PRODUCT_NAME = DessertCookbook;
				SWIFT_EMIT_LOC_STRINGS = YES;
				SWIFT_VERSION = 5.0;
				TARGETED_DEVICE_FAMILY = "1,2";
			};
			name = Release;
		};
/* End XCBuildConfiguration section */

/* Begin XCConfigurationList section */
		EB01C59A2A2039D300A90E1A /* Build configuration list for PBXProject "DessertCookbook" */ = {
			isa = XCConfigurationList;
			buildConfigurations = (
				EB01C5AB2A2039D500A90E1A /* Debug */,
				EB01C5AC2A2039D500A90E1A /* Release */,
			);
			defaultConfigurationIsVisible = 0;
			defaultConfigurationName = Release;
		};
		EB01C5AD2A2039D500A90E1A /* Build configuration list for PBXNativeTarget "DessertCookbook" */ = {
			isa = XCConfigurationList;
			buildConfigurations = (
				EB01C5AE2A2039D500A90E1A /* Debug */,
				EB01C5AF2A2039D500A90E1A /* Release */,
			);
			defaultConfigurationIsVisible = 0;
			defaultConfigurationName = Release;
		};
/* End XCConfigurationList section */
	};
	rootObject = EB01C5972A2039D300A90E1A /* Project object */;
}
